// !$*UTF8*$!
{
	archiveVersion = 1;
	classes = {
	};
	objectVersion = 46;
	objects = {

/* Begin PBXBuildFile section */
		CA0181541B645B7300BA1A76 /* main.m in Sources */ = {isa = PBXBuildFile; fileRef = CA0181531B645B7300BA1A76 /* main.m */; };
		CA0181571B645B7300BA1A76 /* AppDelegate.m in Sources */ = {isa = PBXBuildFile; fileRef = CA0181561B645B7300BA1A76 /* AppDelegate.m */; };
		CA01815A1B645B7300BA1A76 /* ViewController.m in Sources */ = {isa = PBXBuildFile; fileRef = CA0181591B645B7300BA1A76 /* ViewController.m */; };
		CA01815D1B645B7300BA1A76 /* Main.storyboard in Resources */ = {isa = PBXBuildFile; fileRef = CA01815B1B645B7300BA1A76 /* Main.storyboard */; };
		CA01815F1B645B7300BA1A76 /* Images.xcassets in Resources */ = {isa = PBXBuildFile; fileRef = CA01815E1B645B7300BA1A76 /* Images.xcassets */; };
		CA0181621B645B7300BA1A76 /* LaunchScreen.xib in Resources */ = {isa = PBXBuildFile; fileRef = CA0181601B645B7300BA1A76 /* LaunchScreen.xib */; };
		CA01816E1B645B7300BA1A76 /* FunFactsTests.m in Sources */ = {isa = PBXBuildFile; fileRef = CA01816D1B645B7300BA1A76 /* FunFactsTests.m */; };
		CABD3D0D1B6536A000654F48 /* FactBook.m in Sources */ = {isa = PBXBuildFile; fileRef = CABD3D0C1B6536A000654F48 /* FactBook.m */; };
		CABD3D101B6547BD00654F48 /* ColorWheel.m in Sources */ = {isa = PBXBuildFile; fileRef = CABD3D0F1B6547BD00654F48 /* ColorWheel.m */; };
/* End PBXBuildFile section */

/* Begin PBXContainerItemProxy section */
		CA0181681B645B7300BA1A76 /* PBXContainerItemProxy */ = {
			isa = PBXContainerItemProxy;
			containerPortal = CA0181461B645B7300BA1A76 /* Project object */;
			proxyType = 1;
			remoteGlobalIDString = CA01814D1B645B7300BA1A76;
			remoteInfo = FunFacts;
		};
/* End PBXContainerItemProxy section */

/* Begin PBXFileReference section */
		CA01814E1B645B7300BA1A76 /* FunFacts.app */ = {isa = PBXFileReference; explicitFileType = wrapper.application; includeInIndex = 0; path = FunFacts.app; sourceTree = BUILT_PRODUCTS_DIR; };
		CA0181521B645B7300BA1A76 /* Info.plist */ = {isa = PBXFileReference; lastKnownFileType = text.plist.xml; path = Info.plist; sourceTree = "<group>"; };
		CA0181531B645B7300BA1A76 /* main.m */ = {isa = PBXFileReference; lastKnownFileType = sourcecode.c.objc; path = main.m; sourceTree = "<group>"; };
		CA0181551B645B7300BA1A76 /* AppDelegate.h */ = {isa = PBXFileReference; lastKnownFileType = sourcecode.c.h; path = AppDelegate.h; sourceTree = "<group>"; };
		CA0181561B645B7300BA1A76 /* AppDelegate.m */ = {isa = PBXFileReference; lastKnownFileType = sourcecode.c.objc; path = AppDelegate.m; sourceTree = "<group>"; };
		CA0181581B645B7300BA1A76 /* ViewController.h */ = {isa = PBXFileReference; lastKnownFileType = sourcecode.c.h; path = ViewController.h; sourceTree = "<group>"; };
		CA0181591B645B7300BA1A76 /* ViewController.m */ = {isa = PBXFileReference; lastKnownFileType = sourcecode.c.objc; path = ViewController.m; sourceTree = "<group>"; };
		CA01815C1B645B7300BA1A76 /* Base */ = {isa = PBXFileReference; lastKnownFileType = file.storyboard; name = Base; path = Base.lproj/Main.storyboard; sourceTree = "<group>"; };
		CA01815E1B645B7300BA1A76 /* Images.xcassets */ = {isa = PBXFileReference; lastKnownFileType = folder.assetcatalog; path = Images.xcassets; sourceTree = "<group>"; };
		CA0181611B645B7300BA1A76 /* Base */ = {isa = PBXFileReference; lastKnownFileType = file.xib; name = Base; path = Base.lproj/LaunchScreen.xib; sourceTree = "<group>"; };
		CA0181671B645B7300BA1A76 /* FunFactsTests.xctest */ = {isa = PBXFileReference; explicitFileType = wrapper.cfbundle; includeInIndex = 0; path = FunFactsTests.xctest; sourceTree = BUILT_PRODUCTS_DIR; };
		CA01816C1B645B7300BA1A76 /* Info.plist */ = {isa = PBXFileReference; lastKnownFileType = text.plist.xml; path = Info.plist; sourceTree = "<group>"; };
		CA01816D1B645B7300BA1A76 /* FunFactsTests.m */ = {isa = PBXFileReference; lastKnownFileType = sourcecode.c.objc; path = FunFactsTests.m; sourceTree = "<group>"; };
		CABD3D0B1B6536A000654F48 /* FactBook.h */ = {isa = PBXFileReference; fileEncoding = 4; lastKnownFileType = sourcecode.c.h; path = FactBook.h; sourceTree = "<group>"; };
		CABD3D0C1B6536A000654F48 /* FactBook.m */ = {isa = PBXFileReference; fileEncoding = 4; lastKnownFileType = sourcecode.c.objc; path = FactBook.m; sourceTree = "<group>"; };
		CABD3D0E1B6547BD00654F48 /* ColorWheel.h */ = {isa = PBXFileReference; fileEncoding = 4; lastKnownFileType = sourcecode.c.h; path = ColorWheel.h; sourceTree = "<group>"; };
		CABD3D0F1B6547BD00654F48 /* ColorWheel.m */ = {isa = PBXFileReference; fileEncoding = 4; lastKnownFileType = sourcecode.c.objc; path = ColorWheel.m; sourceTree = "<group>"; };
/* End PBXFileReference section */

/* Begin PBXFrameworksBuildPhase section */
		CA01814B1B645B7300BA1A76 /* Frameworks */ = {
			isa = PBXFrameworksBuildPhase;
			buildActionMask = 2147483647;
			files = (
			);
			runOnlyForDeploymentPostprocessing = 0;
		};
		CA0181641B645B7300BA1A76 /* Frameworks */ = {
			isa = PBXFrameworksBuildPhase;
			buildActionMask = 2147483647;
			files = (
			);
			runOnlyForDeploymentPostprocessing = 0;
		};
/* End PBXFrameworksBuildPhase section */

/* Begin PBXGroup section */
		CA0181451B645B7300BA1A76 = {
			isa = PBXGroup;
			children = (
				CA0181501B645B7300BA1A76 /* FunFacts */,
				CA01816A1B645B7300BA1A76 /* FunFactsTests */,
				CA01814F1B645B7300BA1A76 /* Products */,
			);
			sourceTree = "<group>";
		};
		CA01814F1B645B7300BA1A76 /* Products */ = {
			isa = PBXGroup;
			children = (
				CA01814E1B645B7300BA1A76 /* FunFacts.app */,
				CA0181671B645B7300BA1A76 /* FunFactsTests.xctest */,
			);
			name = Products;
			sourceTree = "<group>";
		};
		CA0181501B645B7300BA1A76 /* FunFacts */ = {
			isa = PBXGroup;
			children = (
				CA0181551B645B7300BA1A76 /* AppDelegate.h */,
				CA0181561B645B7300BA1A76 /* AppDelegate.m */,
				CA0181581B645B7300BA1A76 /* ViewController.h */,
				CA0181591B645B7300BA1A76 /* ViewController.m */,
				CABD3D0B1B6536A000654F48 /* FactBook.h */,
				CABD3D0C1B6536A000654F48 /* FactBook.m */,
				CABD3D0E1B6547BD00654F48 /* ColorWheel.h */,
				CABD3D0F1B6547BD00654F48 /* ColorWheel.m */,
				CA01815B1B645B7300BA1A76 /* Main.storyboard */,
				CA01815E1B645B7300BA1A76 /* Images.xcassets */,
				CA0181601B645B7300BA1A76 /* LaunchScreen.xib */,
				CA0181511B645B7300BA1A76 /* Supporting Files */,
			);
			path = FunFacts;
			sourceTree = "<group>";
		};
		CA0181511B645B7300BA1A76 /* Supporting Files */ = {
			isa = PBXGroup;
			children = (
				CA0181521B645B7300BA1A76 /* Info.plist */,
				CA0181531B645B7300BA1A76 /* main.m */,
			);
			name = "Supporting Files";
			sourceTree = "<group>";
		};
		CA01816A1B645B7300BA1A76 /* FunFactsTests */ = {
			isa = PBXGroup;
			children = (
				CA01816D1B645B7300BA1A76 /* FunFactsTests.m */,
				CA01816B1B645B7300BA1A76 /* Supporting Files */,
			);
			path = FunFactsTests;
			sourceTree = "<group>";
		};
		CA01816B1B645B7300BA1A76 /* Supporting Files */ = {
			isa = PBXGroup;
			children = (
				CA01816C1B645B7300BA1A76 /* Info.plist */,
			);
			name = "Supporting Files";
			sourceTree = "<group>";
		};
/* End PBXGroup section */

/* Begin PBXNativeTarget section */
		CA01814D1B645B7300BA1A76 /* FunFacts */ = {
			isa = PBXNativeTarget;
			buildConfigurationList = CA0181711B645B7300BA1A76 /* Build configuration list for PBXNativeTarget "FunFacts" */;
			buildPhases = (
				CA01814A1B645B7300BA1A76 /* Sources */,
				CA01814B1B645B7300BA1A76 /* Frameworks */,
				CA01814C1B645B7300BA1A76 /* Resources */,
			);
			buildRules = (
			);
			dependencies = (
			);
			name = FunFacts;
			productName = FunFacts;
			productReference = CA01814E1B645B7300BA1A76 /* FunFacts.app */;
			productType = "com.apple.product-type.application";
		};
		CA0181661B645B7300BA1A76 /* FunFactsTests */ = {
			isa = PBXNativeTarget;
			buildConfigurationList = CA0181741B645B7300BA1A76 /* Build configuration list for PBXNativeTarget "FunFactsTests" */;
			buildPhases = (
				CA0181631B645B7300BA1A76 /* Sources */,
				CA0181641B645B7300BA1A76 /* Frameworks */,
				CA0181651B645B7300BA1A76 /* Resources */,
			);
			buildRules = (
			);
			dependencies = (
				CA0181691B645B7300BA1A76 /* PBXTargetDependency */,
			);
			name = FunFactsTests;
			productName = FunFactsTests;
			productReference = CA0181671B645B7300BA1A76 /* FunFactsTests.xctest */;
			productType = "com.apple.product-type.bundle.unit-test";
		};
/* End PBXNativeTarget section */

/* Begin PBXProject section */
		CA0181461B645B7300BA1A76 /* Project object */ = {
			isa = PBXProject;
			attributes = {
				LastUpgradeCheck = 0640;
				ORGANIZATIONNAME = "Web-improving";
				TargetAttributes = {
					CA01814D1B645B7300BA1A76 = {
						CreatedOnToolsVersion = 6.4;
					};
					CA0181661B645B7300BA1A76 = {
						CreatedOnToolsVersion = 6.4;
						TestTargetID = CA01814D1B645B7300BA1A76;
					};
				};
			};
			buildConfigurationList = CA0181491B645B7300BA1A76 /* Build configuration list for PBXProject "FunFacts" */;
			compatibilityVersion = "Xcode 3.2";
			developmentRegion = English;
			hasScannedForEncodings = 0;
			knownRegions = (
				en,
				Base,
			);
			mainGroup = CA0181451B645B7300BA1A76;
			productRefGroup = CA01814F1B645B7300BA1A76 /* Products */;
			projectDirPath = "";
			projectRoot = "";
			targets = (
				CA01814D1B645B7300BA1A76 /* FunFacts */,
				CA0181661B645B7300BA1A76 /* FunFactsTests */,
			);
		};
/* End PBXProject section */

/* Begin PBXResourcesBuildPhase section */
		CA01814C1B645B7300BA1A76 /* Resources */ = {
			isa = PBXResourcesBuildPhase;
			buildActionMask = 2147483647;
			files = (
				CA01815D1B645B7300BA1A76 /* Main.storyboard in Resources */,
				CA0181621B645B7300BA1A76 /* LaunchScreen.xib in Resources */,
				CA01815F1B645B7300BA1A76 /* Images.xcassets in Resources */,
			);
			runOnlyForDeploymentPostprocessing = 0;
		};
		CA0181651B645B7300BA1A76 /* Resources */ = {
			isa = PBXResourcesBuildPhase;
			buildActionMask = 2147483647;
			files = (
			);
			runOnlyForDeploymentPostprocessing = 0;
		};
/* End PBXResourcesBuildPhase section */

/* Begin PBXSourcesBuildPhase section */
		CA01814A1B645B7300BA1A76 /* Sources */ = {
			isa = PBXSourcesBuildPhase;
			buildActionMask = 2147483647;
			files = (
				CA01815A1B645B7300BA1A76 /* ViewController.m in Sources */,
				CA0181571B645B7300BA1A76 /* AppDelegate.m in Sources */,
				CABD3D0D1B6536A000654F48 /* FactBook.m in Sources */,
				CA0181541B645B7300BA1A76 /* main.m in Sources */,
				CABD3D101B6547BD00654F48 /* ColorWheel.m in Sources */,
			);
			runOnlyForDeploymentPostprocessing = 0;
		};
		CA0181631B645B7300BA1A76 /* Sources */ = {
			isa = PBXSourcesBuildPhase;
			buildActionMask = 2147483647;
			files = (
				CA01816E1B645B7300BA1A76 /* FunFactsTests.m in Sources */,
			);
			runOnlyForDeploymentPostprocessing = 0;
		};
/* End PBXSourcesBuildPhase section */

/* Begin PBXTargetDependency section */
		CA0181691B645B7300BA1A76 /* PBXTargetDependency */ = {
			isa = PBXTargetDependency;
			target = CA01814D1B645B7300BA1A76 /* FunFacts */;
			targetProxy = CA0181681B645B7300BA1A76 /* PBXContainerItemProxy */;
		};
/* End PBXTargetDependency section */

/* Begin PBXVariantGroup section */
		CA01815B1B645B7300BA1A76 /* Main.storyboard */ = {
			isa = PBXVariantGroup;
			children = (
				CA01815C1B645B7300BA1A76 /* Base */,
			);
			name = Main.storyboard;
			sourceTree = "<group>";
		};
		CA0181601B645B7300BA1A76 /* LaunchScreen.xib */ = {
			isa = PBXVariantGroup;
			children = (
				CA0181611B645B7300BA1A76 /* Base */,
			);
			name = LaunchScreen.xib;
			sourceTree = "<group>";
		};
/* End PBXVariantGroup section */

/* Begin XCBuildConfiguration section */
		CA01816F1B645B7300BA1A76 /* Debug */ = {
			isa = XCBuildConfiguration;
			buildSettings = {
				ALWAYS_SEARCH_USER_PATHS = NO;
				CLANG_CXX_LANGUAGE_STANDARD = "gnu++0x";
				CLANG_CXX_LIBRARY = "libc++";
				CLANG_ENABLE_MODULES = YES;
				CLANG_ENABLE_OBJC_ARC = YES;
				CLANG_WARN_BOOL_CONVERSION = YES;
				CLANG_WARN_CONSTANT_CONVERSION = YES;
				CLANG_WARN_DIRECT_OBJC_ISA_USAGE = YES_ERROR;
				CLANG_WARN_EMPTY_BODY = YES;
				CLANG_WARN_ENUM_CONVERSION = YES;
				CLANG_WARN_INT_CONVERSION = YES;
				CLANG_WARN_OBJC_ROOT_CLASS = YES_ERROR;
				CLANG_WARN_UNREACHABLE_CODE = YES;
				CLANG_WARN__DUPLICATE_METHOD_MATCH = YES;
				"CODE_SIGN_IDENTITY[sdk=iphoneos*]" = "iPhone Developer";
				COPY_PHASE_STRIP = NO;
				DEBUG_INFORMATION_FORMAT = "dwarf-with-dsym";
				ENABLE_STRICT_OBJC_MSGSEND = YES;
				GCC_C_LANGUAGE_STANDARD = gnu99;
				GCC_DYNAMIC_NO_PIC = NO;
				GCC_NO_COMMON_BLOCKS = YES;
				GCC_OPTIMIZATION_LEVEL = 0;
				GCC_PREPROCESSOR_DEFINITIONS = (
					"DEBUG=1",
					"$(inherited)",
				);
				GCC_SYMBOLS_PRIVATE_EXTERN = NO;
				GCC_WARN_64_TO_32_BIT_CONVERSION = YES;
				GCC_WARN_ABOUT_RETURN_TYPE = YES_ERROR;
				GCC_WARN_UNDECLARED_SELECTOR = YES;
				GCC_WARN_UNINITIALIZED_AUTOS = YES_AGGRESSIVE;
				GCC_WARN_UNUSED_FUNCTION = YES;
				GCC_WARN_UNUSED_VARIABLE = YES;
				IPHONEOS_DEPLOYMENT_TARGET = 8.4;
				MTL_ENABLE_DEBUG_INFO = YES;
				ONLY_ACTIVE_ARCH = YES;
				SDKROOT = iphoneos;
			};
			name = Debug;
		};
		CA0181701B645B7300BA1A76 /* Release */ = {
			isa = XCBuildConfiguration;
			buildSettings = {
				ALWAYS_SEARCH_USER_PATHS = NO;
				CLANG_CXX_LANGUAGE_STANDARD = "gnu++0x";
				CLANG_CXX_LIBRARY = "libc++";
				CLANG_ENABLE_MODULES = YES;
				CLANG_ENABLE_OBJC_ARC = YES;
				CLANG_WARN_BOOL_CONVERSION = YES;
				CLANG_WARN_CONSTANT_CONVERSION = YES;
				CLANG_WARN_DIRECT_OBJC_ISA_USAGE = YES_ERROR;
				CLANG_WARN_EMPTY_BODY = YES;
				CLANG_WARN_ENUM_CONVERSION = YES;
				CLANG_WARN_INT_CONVERSION = YES;
				CLANG_WARN_OBJC_ROOT_CLASS = YES_ERROR;
				CLANG_WARN_UNREACHABLE_CODE = YES;
				CLANG_WARN__DUPLICATE_METHOD_MATCH = YES;
				"CODE_SIGN_IDENTITY[sdk=iphoneos*]" = "iPhone Developer";
				COPY_PHASE_STRIP = NO;
				DEBUG_INFORMATION_FORMAT = "dwarf-with-dsym";
				ENABLE_NS_ASSERTIONS = NO;
				ENABLE_STRICT_OBJC_MSGSEND = YES;
				GCC_C_LANGUAGE_STANDARD = gnu99;
				GCC_NO_COMMON_BLOCKS = YES;
				GCC_WARN_64_TO_32_BIT_CONVERSION = YES;
				GCC_WARN_ABOUT_RETURN_TYPE = YES_ERROR;
				GCC_WARN_UNDECLARED_SELECTOR = YES;
				GCC_WARN_UNINITIALIZED_AUTOS = YES_AGGRESSIVE;
				GCC_WARN_UNUSED_FUNCTION = YES;
				GCC_WARN_UNUSED_VARIABLE = YES;
				IPHONEOS_DEPLOYMENT_TARGET = 8.4;
				MTL_ENABLE_DEBUG_INFO = NO;
				SDKROOT = iphoneos;
				VALIDATE_PRODUCT = YES;
			};
			name = Release;
		};
		CA0181721B645B7300BA1A76 /* Debug */ = {
			isa = XCBuildConfiguration;
			buildSettings = {
				ASSETCATALOG_COMPILER_APPICON_NAME = AppIcon;
				INFOPLIST_FILE = FunFacts/Info.plist;
				LD_RUNPATH_SEARCH_PATHS = "$(inherited) @executable_path/Frameworks";
				PRODUCT_NAME = "$(TARGET_NAME)";
			};
			name = Debug;
		};
		CA0181731B645B7300BA1A76 /* Release */ = {
			isa = XCBuildConfiguration;
			buildSettings = {
				ASSETCATALOG_COMPILER_APPICON_NAME = AppIcon;
				INFOPLIST_FILE = FunFacts/Info.plist;
				LD_RUNPATH_SEARCH_PATHS = "$(inherited) @executable_path/Frameworks";
				PRODUCT_NAME = "$(TARGET_NAME)";
			};
			name = Release;
		};
		CA0181751B645B7300BA1A76 /* Debug */ = {
			isa = XCBuildConfiguration;
			buildSettings = {
				BUNDLE_LOADER = "$(TEST_HOST)";
				FRAMEWORK_SEARCH_PATHS = (
					"$(SDKROOT)/Developer/Library/Frameworks",
					"$(inherited)",
				);
				GCC_PREPROCESSOR_DEFINITIONS = (
					"DEBUG=1",
					"$(inherited)",
				);
				INFOPLIST_FILE = FunFactsTests/Info.plist;
				LD_RUNPATH_SEARCH_PATHS = "$(inherited) @executable_path/Frameworks @loader_path/Frameworks";
				PRODUCT_NAME = "$(TARGET_NAME)";
				TEST_HOST = "$(BUILT_PRODUCTS_DIR)/FunFacts.app/FunFacts";
			};
			name = Debug;
		};
		CA0181761B645B7300BA1A76 /* Release */ = {
			isa = XCBuildConfiguration;
			buildSettings = {
				BUNDLE_LOADER = "$(TEST_HOST)";
				FRAMEWORK_SEARCH_PATHS = (
					"$(SDKROOT)/Developer/Library/Frameworks",
					"$(inherited)",
				);
				INFOPLIST_FILE = FunFactsTests/Info.plist;
				LD_RUNPATH_SEARCH_PATHS = "$(inherited) @executable_path/Frameworks @loader_path/Frameworks";
				PRODUCT_NAME = "$(TARGET_NAME)";
				TEST_HOST = "$(BUILT_PRODUCTS_DIR)/FunFacts.app/FunFacts";
			};
			name = Release;
		};
/* End XCBuildConfiguration section */

/* Begin XCConfigurationList section */
		CA0181491B645B7300BA1A76 /* Build configuration list for PBXProject "FunFacts" */ = {
			isa = XCConfigurationList;
			buildConfigurations = (
				CA01816F1B645B7300BA1A76 /* Debug */,
				CA0181701B645B7300BA1A76 /* Release */,
			);
			defaultConfigurationIsVisible = 0;
			defaultConfigurationName = Release;
		};
		CA0181711B645B7300BA1A76 /* Build configuration list for PBXNativeTarget "FunFacts" */ = {
			isa = XCConfigurationList;
			buildConfigurations = (
				CA0181721B645B7300BA1A76 /* Debug */,
				CA0181731B645B7300BA1A76 /* Release */,
			);
			defaultConfigurationIsVisible = 0;
			defaultConfigurationName = Release;
		};
		CA0181741B645B7300BA1A76 /* Build configuration list for PBXNativeTarget "FunFactsTests" */ = {
			isa = XCConfigurationList;
			buildConfigurations = (
				CA0181751B645B7300BA1A76 /* Debug */,
				CA0181761B645B7300BA1A76 /* Release */,
			);
			defaultConfigurationIsVisible = 0;
			defaultConfigurationName = Release;
		};
/* End XCConfigurationList section */
	};
	rootObject = CA0181461B645B7300BA1A76 /* Project object */;
}
